// !$*UTF8*$!
{
	archiveVersion = 1;
	classes = {
	};
	objectVersion = 50;
	objects = {

/* Begin PBXBuildFile section */
		230D15DB217A5726002E940E /* search.gif in Resources */ = {isa = PBXBuildFile; fileRef = 230D15DA217A5726002E940E /* search.gif */; };
		230D15DD217A5864002E940E /* saveFavorite.gif in Resources */ = {isa = PBXBuildFile; fileRef = 230D15DC217A5864002E940E /* saveFavorite.gif */; };
		230EEE60217A5E3B007AB24E /* review.gif in Resources */ = {isa = PBXBuildFile; fileRef = 230EEE5F217A5E3B007AB24E /* review.gif */; };
		230EEE62217A5F2C007AB24E /* settings.gif in Resources */ = {isa = PBXBuildFile; fileRef = 230EEE61217A5F2C007AB24E /* settings.gif */; };
		232BA3A621796DF1009858D5 /* WebVC.swift in Sources */ = {isa = PBXBuildFile; fileRef = 232BA3A521796DF1009858D5 /* WebVC.swift */; };
		232BA3A821796F75009858D5 /* WebView.swift in Sources */ = {isa = PBXBuildFile; fileRef = 232BA3A721796F75009858D5 /* WebView.swift */; };
		239AC0CA2179173200CBF340 /* CategoriesViewModel.swift in Sources */ = {isa = PBXBuildFile; fileRef = 239AC0C92179173200CBF340 /* CategoriesViewModel.swift */; };
		239AC0CC2179182500CBF340 /* CategoryCell.swift in Sources */ = {isa = PBXBuildFile; fileRef = 239AC0CB2179182500CBF340 /* CategoryCell.swift */; };
		239AC0CE21791A0B00CBF340 /* CategoriesView.swift in Sources */ = {isa = PBXBuildFile; fileRef = 239AC0CD21791A0B00CBF340 /* CategoriesView.swift */; };
		239AC0D021791EA700CBF340 /* UIColor+.swift in Sources */ = {isa = PBXBuildFile; fileRef = 239AC0CF21791EA700CBF340 /* UIColor+.swift */; };
		239AC0D221791EEF00CBF340 /* UIImage+.swift in Sources */ = {isa = PBXBuildFile; fileRef = 239AC0D121791EEF00CBF340 /* UIImage+.swift */; };
		239AC0DA21792D4C00CBF340 /* BestSellerVC.swift in Sources */ = {isa = PBXBuildFile; fileRef = 239AC0D921792D4C00CBF340 /* BestSellerVC.swift */; };
		239AC0DC21792D5800CBF340 /* BestSellerView.swift in Sources */ = {isa = PBXBuildFile; fileRef = 239AC0DB21792D5800CBF340 /* BestSellerView.swift */; };
		239AC0DE21792DDA00CBF340 /* BestSellerViewModel.swift in Sources */ = {isa = PBXBuildFile; fileRef = 239AC0DD21792DDA00CBF340 /* BestSellerViewModel.swift */; };
		239AC0E021792E5B00CBF340 /* BookCell.swift in Sources */ = {isa = PBXBuildFile; fileRef = 239AC0DF21792E5B00CBF340 /* BookCell.swift */; };
		239AC0E22179603200CBF340 /* BestSellerDVC.swift in Sources */ = {isa = PBXBuildFile; fileRef = 239AC0E12179603200CBF340 /* BestSellerDVC.swift */; };
		239AC0E42179607000CBF340 /* BestSellerDetailView.swift in Sources */ = {isa = PBXBuildFile; fileRef = 239AC0E32179607000CBF340 /* BestSellerDetailView.swift */; };
		23B4BA5F217A60AA00199F20 /* amazon.gif in Resources */ = {isa = PBXBuildFile; fileRef = 23B4BA5E217A60AA00199F20 /* amazon.gif */; };
		23B4BA61217A6BBD00199F20 /* FavoriteView.swift in Sources */ = {isa = PBXBuildFile; fileRef = 23B4BA60217A6BBD00199F20 /* FavoriteView.swift */; };
		23B4BA63217A6C1000199F20 /* FavoriteVC.swift in Sources */ = {isa = PBXBuildFile; fileRef = 23B4BA62217A6C1000199F20 /* FavoriteVC.swift */; };
		23B4BA66217A76A400199F20 /* FavoriteEmptyView.swift in Sources */ = {isa = PBXBuildFile; fileRef = 23B4BA65217A76A400199F20 /* FavoriteEmptyView.swift */; };
		23DE35E4217A1C1300854AC5 /* SettingsVC.swift in Sources */ = {isa = PBXBuildFile; fileRef = 23DE35E3217A1C1300854AC5 /* SettingsVC.swift */; };
		23DE35E8217A1F4E00854AC5 /* SettingsView.swift in Sources */ = {isa = PBXBuildFile; fileRef = 23DE35E7217A1F4E00854AC5 /* SettingsView.swift */; };
		23DE35EB217A450200854AC5 /* toggle.gif in Resources */ = {isa = PBXBuildFile; fileRef = 23DE35EA217A450200854AC5 /* toggle.gif */; };
		23E157F92177DADE0090AD0C /* AppDelegate.swift in Sources */ = {isa = PBXBuildFile; fileRef = 23E157F82177DADE0090AD0C /* AppDelegate.swift */; };
		23E157FB2177DADE0090AD0C /* CategoryVC.swift in Sources */ = {isa = PBXBuildFile; fileRef = 23E157FA2177DADE0090AD0C /* CategoryVC.swift */; };
		23E158002177DADF0090AD0C /* Assets.xcassets in Resources */ = {isa = PBXBuildFile; fileRef = 23E157FF2177DADF0090AD0C /* Assets.xcassets */; };
		23E158032177DADF0090AD0C /* LaunchScreen.storyboard in Resources */ = {isa = PBXBuildFile; fileRef = 23E158012177DADF0090AD0C /* LaunchScreen.storyboard */; };
		23E1580F2177DB360090AD0C /* NYTBestSellerBook.swift in Sources */ = {isa = PBXBuildFile; fileRef = 23E1580E2177DB360090AD0C /* NYTBestSellerBook.swift */; };
		23E158112177DB6F0090AD0C /* GoogleBook.swift in Sources */ = {isa = PBXBuildFile; fileRef = 23E158102177DB6F0090AD0C /* GoogleBook.swift */; };
		23E158162177DBDF0090AD0C /* APIKeys.swift in Sources */ = {isa = PBXBuildFile; fileRef = 23E158152177DBDF0090AD0C /* APIKeys.swift */; };
		23E158182177DC490090AD0C /* NYTBookCategory.swift in Sources */ = {isa = PBXBuildFile; fileRef = 23E158172177DC490090AD0C /* NYTBookCategory.swift */; };
		23E1581A2177DCC80090AD0C /* MasterBook.swift in Sources */ = {isa = PBXBuildFile; fileRef = 23E158192177DCC80090AD0C /* MasterBook.swift */; };
		23E1581C2177DD920090AD0C /* UserDefaultsService.swift in Sources */ = {isa = PBXBuildFile; fileRef = 23E1581B2177DD920090AD0C /* UserDefaultsService.swift */; };
		23E1581E2177DDFF0090AD0C /* BookDataService.swift in Sources */ = {isa = PBXBuildFile; fileRef = 23E1581D2177DDFF0090AD0C /* BookDataService.swift */; };
		23E158202177DE0D0090AD0C /* ImageService.swift in Sources */ = {isa = PBXBuildFile; fileRef = 23E1581F2177DE0D0090AD0C /* ImageService.swift */; };
		23E158222177E1940090AD0C /* FileManagerService.swift in Sources */ = {isa = PBXBuildFile; fileRef = 23E158212177E1940090AD0C /* FileManagerService.swift */; };
		23F56BA1217FAE39003F2945 /* LoadingVC.swift in Sources */ = {isa = PBXBuildFile; fileRef = 23F56BA0217FAE39003F2945 /* LoadingVC.swift */; };
		23F56BA2217FB2A3003F2945 /* book.mp4 in Resources */ = {isa = PBXBuildFile; fileRef = 23F56B9F217FADAB003F2945 /* book.mp4 */; };
		23F9D50C217D57AF0042B83D /* FileManageService+Categories.swift in Sources */ = {isa = PBXBuildFile; fileRef = 23F9D50B217D57AF0042B83D /* FileManageService+Categories.swift */; };
		23F9D510217E11C90042B83D /* OfflineVC.swift in Sources */ = {isa = PBXBuildFile; fileRef = 23F9D50F217E11C90042B83D /* OfflineVC.swift */; };
		23F9D512217E11FD0042B83D /* OfflineView.swift in Sources */ = {isa = PBXBuildFile; fileRef = 23F9D511217E11FD0042B83D /* OfflineView.swift */; };
		23F9D516217E190D0042B83D /* NetworkAvailable.swift in Sources */ = {isa = PBXBuildFile; fileRef = 23F9D515217E190D0042B83D /* NetworkAvailable.swift */; };
		6A4B2759FB1911C7C158DFDE /* Pods_BookShelf.framework in Frameworks */ = {isa = PBXBuildFile; fileRef = E9569C2B9295628C9022C657 /* Pods_BookShelf.framework */; };
/* End PBXBuildFile section */

/* Begin PBXFileReference section */
		230D15DA217A5726002E940E /* search.gif */ = {isa = PBXFileReference; lastKnownFileType = image.gif; path = search.gif; sourceTree = "<group>"; };
		230D15DC217A5864002E940E /* saveFavorite.gif */ = {isa = PBXFileReference; lastKnownFileType = image.gif; path = saveFavorite.gif; sourceTree = "<group>"; };
		230EEE5F217A5E3B007AB24E /* review.gif */ = {isa = PBXFileReference; lastKnownFileType = image.gif; path = review.gif; sourceTree = "<group>"; };
		230EEE61217A5F2C007AB24E /* settings.gif */ = {isa = PBXFileReference; lastKnownFileType = image.gif; path = settings.gif; sourceTree = "<group>"; };
		232BA3A521796DF1009858D5 /* WebVC.swift */ = {isa = PBXFileReference; lastKnownFileType = sourcecode.swift; path = WebVC.swift; sourceTree = "<group>"; };
		232BA3A721796F75009858D5 /* WebView.swift */ = {isa = PBXFileReference; lastKnownFileType = sourcecode.swift; path = WebView.swift; sourceTree = "<group>"; };
		239AC0C92179173200CBF340 /* CategoriesViewModel.swift */ = {isa = PBXFileReference; lastKnownFileType = sourcecode.swift; path = CategoriesViewModel.swift; sourceTree = "<group>"; };
		239AC0CB2179182500CBF340 /* CategoryCell.swift */ = {isa = PBXFileReference; lastKnownFileType = sourcecode.swift; path = CategoryCell.swift; sourceTree = "<group>"; };
		239AC0CD21791A0B00CBF340 /* CategoriesView.swift */ = {isa = PBXFileReference; lastKnownFileType = sourcecode.swift; path = CategoriesView.swift; sourceTree = "<group>"; };
		239AC0CF21791EA700CBF340 /* UIColor+.swift */ = {isa = PBXFileReference; lastKnownFileType = sourcecode.swift; path = "UIColor+.swift"; sourceTree = "<group>"; };
		239AC0D121791EEF00CBF340 /* UIImage+.swift */ = {isa = PBXFileReference; lastKnownFileType = sourcecode.swift; path = "UIImage+.swift"; sourceTree = "<group>"; };
		239AC0D921792D4C00CBF340 /* BestSellerVC.swift */ = {isa = PBXFileReference; lastKnownFileType = sourcecode.swift; path = BestSellerVC.swift; sourceTree = "<group>"; };
		239AC0DB21792D5800CBF340 /* BestSellerView.swift */ = {isa = PBXFileReference; lastKnownFileType = sourcecode.swift; path = BestSellerView.swift; sourceTree = "<group>"; };
		239AC0DD21792DDA00CBF340 /* BestSellerViewModel.swift */ = {isa = PBXFileReference; lastKnownFileType = sourcecode.swift; path = BestSellerViewModel.swift; sourceTree = "<group>"; };
		239AC0DF21792E5B00CBF340 /* BookCell.swift */ = {isa = PBXFileReference; lastKnownFileType = sourcecode.swift; path = BookCell.swift; sourceTree = "<group>"; };
		239AC0E12179603200CBF340 /* BestSellerDVC.swift */ = {isa = PBXFileReference; lastKnownFileType = sourcecode.swift; path = BestSellerDVC.swift; sourceTree = "<group>"; };
		239AC0E32179607000CBF340 /* BestSellerDetailView.swift */ = {isa = PBXFileReference; lastKnownFileType = sourcecode.swift; path = BestSellerDetailView.swift; sourceTree = "<group>"; };
		23B4BA5E217A60AA00199F20 /* amazon.gif */ = {isa = PBXFileReference; lastKnownFileType = image.gif; path = amazon.gif; sourceTree = "<group>"; };
		23B4BA60217A6BBD00199F20 /* FavoriteView.swift */ = {isa = PBXFileReference; lastKnownFileType = sourcecode.swift; path = FavoriteView.swift; sourceTree = "<group>"; };
		23B4BA62217A6C1000199F20 /* FavoriteVC.swift */ = {isa = PBXFileReference; lastKnownFileType = sourcecode.swift; path = FavoriteVC.swift; sourceTree = "<group>"; };
		23B4BA65217A76A400199F20 /* FavoriteEmptyView.swift */ = {isa = PBXFileReference; lastKnownFileType = sourcecode.swift; path = FavoriteEmptyView.swift; sourceTree = "<group>"; };
		23DE35E3217A1C1300854AC5 /* SettingsVC.swift */ = {isa = PBXFileReference; lastKnownFileType = sourcecode.swift; path = SettingsVC.swift; sourceTree = "<group>"; };
		23DE35E7217A1F4E00854AC5 /* SettingsView.swift */ = {isa = PBXFileReference; lastKnownFileType = sourcecode.swift; path = SettingsView.swift; sourceTree = "<group>"; };
		23DE35EA217A450200854AC5 /* toggle.gif */ = {isa = PBXFileReference; lastKnownFileType = image.gif; path = toggle.gif; sourceTree = "<group>"; };
		23E157F52177DADE0090AD0C /* BookShelf.app */ = {isa = PBXFileReference; explicitFileType = wrapper.application; includeInIndex = 0; path = BookShelf.app; sourceTree = BUILT_PRODUCTS_DIR; };
		23E157F82177DADE0090AD0C /* AppDelegate.swift */ = {isa = PBXFileReference; lastKnownFileType = sourcecode.swift; path = AppDelegate.swift; sourceTree = "<group>"; };
		23E157FA2177DADE0090AD0C /* CategoryVC.swift */ = {isa = PBXFileReference; lastKnownFileType = sourcecode.swift; path = CategoryVC.swift; sourceTree = "<group>"; };
		23E157FF2177DADF0090AD0C /* Assets.xcassets */ = {isa = PBXFileReference; lastKnownFileType = folder.assetcatalog; path = Assets.xcassets; sourceTree = "<group>"; };
		23E158022177DADF0090AD0C /* Base */ = {isa = PBXFileReference; lastKnownFileType = file.storyboard; name = Base; path = Base.lproj/LaunchScreen.storyboard; sourceTree = "<group>"; };
		23E158042177DADF0090AD0C /* Info.plist */ = {isa = PBXFileReference; lastKnownFileType = text.plist.xml; path = Info.plist; sourceTree = "<group>"; };
		23E1580E2177DB360090AD0C /* NYTBestSellerBook.swift */ = {isa = PBXFileReference; lastKnownFileType = sourcecode.swift; path = NYTBestSellerBook.swift; sourceTree = "<group>"; };
		23E158102177DB6F0090AD0C /* GoogleBook.swift */ = {isa = PBXFileReference; lastKnownFileType = sourcecode.swift; path = GoogleBook.swift; sourceTree = "<group>"; };
		23E158152177DBDF0090AD0C /* APIKeys.swift */ = {isa = PBXFileReference; lastKnownFileType = sourcecode.swift; path = APIKeys.swift; sourceTree = "<group>"; };
		23E158172177DC490090AD0C /* NYTBookCategory.swift */ = {isa = PBXFileReference; lastKnownFileType = sourcecode.swift; path = NYTBookCategory.swift; sourceTree = "<group>"; };
		23E158192177DCC80090AD0C /* MasterBook.swift */ = {isa = PBXFileReference; lastKnownFileType = sourcecode.swift; path = MasterBook.swift; sourceTree = "<group>"; };
		23E1581B2177DD920090AD0C /* UserDefaultsService.swift */ = {isa = PBXFileReference; lastKnownFileType = sourcecode.swift; path = UserDefaultsService.swift; sourceTree = "<group>"; };
		23E1581D2177DDFF0090AD0C /* BookDataService.swift */ = {isa = PBXFileReference; lastKnownFileType = sourcecode.swift; path = BookDataService.swift; sourceTree = "<group>"; };
		23E1581F2177DE0D0090AD0C /* ImageService.swift */ = {isa = PBXFileReference; lastKnownFileType = sourcecode.swift; path = ImageService.swift; sourceTree = "<group>"; };
		23E158212177E1940090AD0C /* FileManagerService.swift */ = {isa = PBXFileReference; lastKnownFileType = sourcecode.swift; path = FileManagerService.swift; sourceTree = "<group>"; };
		23F56B9F217FADAB003F2945 /* book.mp4 */ = {isa = PBXFileReference; lastKnownFileType = file; path = book.mp4; sourceTree = "<group>"; };
		23F56BA0217FAE39003F2945 /* LoadingVC.swift */ = {isa = PBXFileReference; lastKnownFileType = sourcecode.swift; path = LoadingVC.swift; sourceTree = "<group>"; };
		23F9D50B217D57AF0042B83D /* FileManageService+Categories.swift */ = {isa = PBXFileReference; lastKnownFileType = sourcecode.swift; path = "FileManageService+Categories.swift"; sourceTree = "<group>"; };
		23F9D50F217E11C90042B83D /* OfflineVC.swift */ = {isa = PBXFileReference; lastKnownFileType = sourcecode.swift; path = OfflineVC.swift; sourceTree = "<group>"; };
		23F9D511217E11FD0042B83D /* OfflineView.swift */ = {isa = PBXFileReference; lastKnownFileType = sourcecode.swift; path = OfflineView.swift; sourceTree = "<group>"; };
		23F9D515217E190D0042B83D /* NetworkAvailable.swift */ = {isa = PBXFileReference; lastKnownFileType = sourcecode.swift; path = NetworkAvailable.swift; sourceTree = "<group>"; };
		ADD6026DD47B6E07FF10EE23 /* Pods-BookShelf.debug.xcconfig */ = {isa = PBXFileReference; includeInIndex = 1; lastKnownFileType = text.xcconfig; name = "Pods-BookShelf.debug.xcconfig"; path = "Pods/Target Support Files/Pods-BookShelf/Pods-BookShelf.debug.xcconfig"; sourceTree = "<group>"; };
		CC5A6B8D2E231DE81DB52DDE /* Pods-BookShelf.release.xcconfig */ = {isa = PBXFileReference; includeInIndex = 1; lastKnownFileType = text.xcconfig; name = "Pods-BookShelf.release.xcconfig"; path = "Pods/Target Support Files/Pods-BookShelf/Pods-BookShelf.release.xcconfig"; sourceTree = "<group>"; };
		E9569C2B9295628C9022C657 /* Pods_BookShelf.framework */ = {isa = PBXFileReference; explicitFileType = wrapper.framework; includeInIndex = 0; path = Pods_BookShelf.framework; sourceTree = BUILT_PRODUCTS_DIR; };
/* End PBXFileReference section */

/* Begin PBXFrameworksBuildPhase section */
		23E157F22177DADE0090AD0C /* Frameworks */ = {
			isa = PBXFrameworksBuildPhase;
			buildActionMask = 2147483647;
			files = (
				6A4B2759FB1911C7C158DFDE /* Pods_BookShelf.framework in Frameworks */,
			);
			runOnlyForDeploymentPostprocessing = 0;
		};
/* End PBXFrameworksBuildPhase section */

/* Begin PBXGroup section */
		239AC0D721792D1800CBF340 /* Category */ = {
			isa = PBXGroup;
			children = (
				239AC0CD21791A0B00CBF340 /* CategoriesView.swift */,
				239AC0CB2179182500CBF340 /* CategoryCell.swift */,
				23E157FA2177DADE0090AD0C /* CategoryVC.swift */,
			);
			path = Category;
			sourceTree = "<group>";
		};
		239AC0D821792D3200CBF340 /* BestSellers */ = {
			isa = PBXGroup;
			children = (
				239AC0DB21792D5800CBF340 /* BestSellerView.swift */,
				239AC0DF21792E5B00CBF340 /* BookCell.swift */,
				239AC0D921792D4C00CBF340 /* BestSellerVC.swift */,
				239AC0E32179607000CBF340 /* BestSellerDetailView.swift */,
				239AC0E12179603200CBF340 /* BestSellerDVC.swift */,
			);
			path = BestSellers;
			sourceTree = "<group>";
		};
		23B4BA64217A768100199F20 /* Favorite */ = {
			isa = PBXGroup;
			children = (
				23B4BA60217A6BBD00199F20 /* FavoriteView.swift */,
				23B4BA62217A6C1000199F20 /* FavoriteVC.swift */,
				23B4BA65217A76A400199F20 /* FavoriteEmptyView.swift */,
			);
			path = Favorite;
			sourceTree = "<group>";
		};
		23DE35E5217A1C6000854AC5 /* Web */ = {
			isa = PBXGroup;
			children = (
				232BA3A721796F75009858D5 /* WebView.swift */,
				232BA3A521796DF1009858D5 /* WebVC.swift */,
			);
			path = Web;
			sourceTree = "<group>";
		};
		23DE35E6217A1C6C00854AC5 /* Settings */ = {
			isa = PBXGroup;
			children = (
				23DE35E7217A1F4E00854AC5 /* SettingsView.swift */,
				23DE35E3217A1C1300854AC5 /* SettingsVC.swift */,
			);
			path = Settings;
			sourceTree = "<group>";
		};
		23DE35E9217A443C00854AC5 /* Gifs */ = {
			isa = PBXGroup;
			children = (
				230D15DA217A5726002E940E /* search.gif */,
				23DE35EA217A450200854AC5 /* toggle.gif */,
				230D15DC217A5864002E940E /* saveFavorite.gif */,
				230EEE5F217A5E3B007AB24E /* review.gif */,
				23B4BA5E217A60AA00199F20 /* amazon.gif */,
				230EEE61217A5F2C007AB24E /* settings.gif */,
			);
			path = Gifs;
			sourceTree = "<group>";
		};
		23E157EC2177DADE0090AD0C = {
			isa = PBXGroup;
			children = (
				23E157F72177DADE0090AD0C /* BookShelf */,
				23E157F62177DADE0090AD0C /* Products */,
				66FDA704D1D4155F18C49C56 /* Pods */,
				BEF9EA1FFA3652B432F4CFBF /* Frameworks */,
			);
			sourceTree = "<group>";
		};
		23E157F62177DADE0090AD0C /* Products */ = {
			isa = PBXGroup;
			children = (
				23E157F52177DADE0090AD0C /* BookShelf.app */,
			);
			name = Products;
			sourceTree = "<group>";
		};
		23E157F72177DADE0090AD0C /* BookShelf */ = {
			isa = PBXGroup;
			children = (
				23E1580D2177DAFE0090AD0C /* Supporting */,
				23E158122177DBBD0090AD0C /* Service */,
				23E1580C2177DAF90090AD0C /* Models */,
				23E1580B2177DAF30090AD0C /* Views */,
				23E1580A2177DAE50090AD0C /* ViewModel */,
			);
			path = BookShelf;
			sourceTree = "<group>";
		};
		23E1580A2177DAE50090AD0C /* ViewModel */ = {
			isa = PBXGroup;
			children = (
				239AC0C92179173200CBF340 /* CategoriesViewModel.swift */,
				239AC0DD21792DDA00CBF340 /* BestSellerViewModel.swift */,
			);
			path = ViewModel;
			sourceTree = "<group>";
		};
		23E1580B2177DAF30090AD0C /* Views */ = {
			isa = PBXGroup;
			children = (
				23E158012177DADF0090AD0C /* LaunchScreen.storyboard */,
				23F56B9C217F9154003F2945 /* Loading */,
				239AC0D721792D1800CBF340 /* Category */,
				239AC0D821792D3200CBF340 /* BestSellers */,
				23B4BA64217A768100199F20 /* Favorite */,
				23DE35E5217A1C6000854AC5 /* Web */,
				23DE35E6217A1C6C00854AC5 /* Settings */,
				23F9D513217E12A30042B83D /* Offline */,
			);
			path = Views;
			sourceTree = "<group>";
		};
		23E1580C2177DAF90090AD0C /* Models */ = {
			isa = PBXGroup;
			children = (
				23E158172177DC490090AD0C /* NYTBookCategory.swift */,
				23E1580E2177DB360090AD0C /* NYTBestSellerBook.swift */,
				23E158102177DB6F0090AD0C /* GoogleBook.swift */,
				23E158192177DCC80090AD0C /* MasterBook.swift */,
			);
			path = Models;
			sourceTree = "<group>";
		};
		23E1580D2177DAFE0090AD0C /* Supporting */ = {
			isa = PBXGroup;
			children = (
				23DE35E9217A443C00854AC5 /* Gifs */,
				23E158042177DADF0090AD0C /* Info.plist */,
				23E157F82177DADE0090AD0C /* AppDelegate.swift */,
				23E158152177DBDF0090AD0C /* APIKeys.swift */,
				23E157FF2177DADF0090AD0C /* Assets.xcassets */,
				239AC0CF21791EA700CBF340 /* UIColor+.swift */,
				239AC0D121791EEF00CBF340 /* UIImage+.swift */,
				23F56B9F217FADAB003F2945 /* book.mp4 */,
			);
			path = Supporting;
			sourceTree = "<group>";
		};
		23E158122177DBBD0090AD0C /* Service */ = {
			isa = PBXGroup;
			children = (
				23E1581B2177DD920090AD0C /* UserDefaultsService.swift */,
				23E1581D2177DDFF0090AD0C /* BookDataService.swift */,
				23E1581F2177DE0D0090AD0C /* ImageService.swift */,
				23E158212177E1940090AD0C /* FileManagerService.swift */,
				23F9D50B217D57AF0042B83D /* FileManageService+Categories.swift */,
				23F9D515217E190D0042B83D /* NetworkAvailable.swift */,
			);
			path = Service;
			sourceTree = "<group>";
		};
		23F56B9C217F9154003F2945 /* Loading */ = {
			isa = PBXGroup;
			children = (
				23F56BA0217FAE39003F2945 /* LoadingVC.swift */,
			);
			path = Loading;
			sourceTree = "<group>";
		};
		23F9D513217E12A30042B83D /* Offline */ = {
			isa = PBXGroup;
			children = (
				23F9D511217E11FD0042B83D /* OfflineView.swift */,
				23F9D50F217E11C90042B83D /* OfflineVC.swift */,
			);
			path = Offline;
			sourceTree = "<group>";
		};
		66FDA704D1D4155F18C49C56 /* Pods */ = {
			isa = PBXGroup;
			children = (
				ADD6026DD47B6E07FF10EE23 /* Pods-BookShelf.debug.xcconfig */,
				CC5A6B8D2E231DE81DB52DDE /* Pods-BookShelf.release.xcconfig */,
			);
			name = Pods;
			sourceTree = "<group>";
		};
		BEF9EA1FFA3652B432F4CFBF /* Frameworks */ = {
			isa = PBXGroup;
			children = (
				E9569C2B9295628C9022C657 /* Pods_BookShelf.framework */,
			);
			name = Frameworks;
			sourceTree = "<group>";
		};
/* End PBXGroup section */

/* Begin PBXNativeTarget section */
		23E157F42177DADE0090AD0C /* BookShelf */ = {
			isa = PBXNativeTarget;
			buildConfigurationList = 23E158072177DADF0090AD0C /* Build configuration list for PBXNativeTarget "BookShelf" */;
			buildPhases = (
				26C3E0C9503B87C7C33AB3B3 /* [CP] Check Pods Manifest.lock */,
				23E157F12177DADE0090AD0C /* Sources */,
				23E157F22177DADE0090AD0C /* Frameworks */,
				23E157F32177DADE0090AD0C /* Resources */,
				2BC763E7578F050B6905576C /* [CP] Embed Pods Frameworks */,
			);
			buildRules = (
			);
			dependencies = (
			);
			name = BookShelf;
			productName = Books;
			productReference = 23E157F52177DADE0090AD0C /* BookShelf.app */;
			productType = "com.apple.product-type.application";
		};
/* End PBXNativeTarget section */

/* Begin PBXProject section */
		23E157ED2177DADE0090AD0C /* Project object */ = {
			isa = PBXProject;
			attributes = {
				LastSwiftUpdateCheck = 1000;
				LastUpgradeCheck = 1000;
				ORGANIZATIONNAME = "Winston Maragh";
				TargetAttributes = {
					23E157F42177DADE0090AD0C = {
						CreatedOnToolsVersion = 10.0;
					};
				};
			};
			buildConfigurationList = 23E157F02177DADE0090AD0C /* Build configuration list for PBXProject "BookShelf" */;
			compatibilityVersion = "Xcode 9.3";
			developmentRegion = en;
			hasScannedForEncodings = 0;
			knownRegions = (
				en,
				Base,
			);
			mainGroup = 23E157EC2177DADE0090AD0C;
			productRefGroup = 23E157F62177DADE0090AD0C /* Products */;
			projectDirPath = "";
			projectRoot = "";
			targets = (
				23E157F42177DADE0090AD0C /* BookShelf */,
			);
		};
/* End PBXProject section */

/* Begin PBXResourcesBuildPhase section */
		23E157F32177DADE0090AD0C /* Resources */ = {
			isa = PBXResourcesBuildPhase;
			buildActionMask = 2147483647;
			files = (
				23F56BA2217FB2A3003F2945 /* book.mp4 in Resources */,
				230EEE60217A5E3B007AB24E /* review.gif in Resources */,
				230D15DD217A5864002E940E /* saveFavorite.gif in Resources */,
				230D15DB217A5726002E940E /* search.gif in Resources */,
				230EEE62217A5F2C007AB24E /* settings.gif in Resources */,
				23B4BA5F217A60AA00199F20 /* amazon.gif in Resources */,
				23E158032177DADF0090AD0C /* LaunchScreen.storyboard in Resources */,
				23DE35EB217A450200854AC5 /* toggle.gif in Resources */,
				23E158002177DADF0090AD0C /* Assets.xcassets in Resources */,
			);
			runOnlyForDeploymentPostprocessing = 0;
		};
/* End PBXResourcesBuildPhase section */

/* Begin PBXShellScriptBuildPhase section */
		26C3E0C9503B87C7C33AB3B3 /* [CP] Check Pods Manifest.lock */ = {
			isa = PBXShellScriptBuildPhase;
			buildActionMask = 2147483647;
			files = (
			);
			inputPaths = (
				"${PODS_PODFILE_DIR_PATH}/Podfile.lock",
				"${PODS_ROOT}/Manifest.lock",
			);
			name = "[CP] Check Pods Manifest.lock";
			outputPaths = (
				"$(DERIVED_FILE_DIR)/Pods-BookShelf-checkManifestLockResult.txt",
			);
			runOnlyForDeploymentPostprocessing = 0;
			shellPath = /bin/sh;
			shellScript = "diff \"${PODS_PODFILE_DIR_PATH}/Podfile.lock\" \"${PODS_ROOT}/Manifest.lock\" > /dev/null\nif [ $? != 0 ] ; then\n    # print error to STDERR\n    echo \"error: The sandbox is not in sync with the Podfile.lock. Run 'pod install' or update your CocoaPods installation.\" >&2\n    exit 1\nfi\n# This output is used by Xcode 'outputs' to avoid re-running this script phase.\necho \"SUCCESS\" > \"${SCRIPT_OUTPUT_FILE_0}\"\n";
			showEnvVarsInLog = 0;
		};
		2BC763E7578F050B6905576C /* [CP] Embed Pods Frameworks */ = {
			isa = PBXShellScriptBuildPhase;
			buildActionMask = 2147483647;
			files = (
			);
			inputPaths = (
				"${SRCROOT}/Pods/Target Support Files/Pods-BookShelf/Pods-BookShelf-frameworks.sh",
				"${BUILT_PRODUCTS_DIR}/PromiseKit/PromiseKit.framework",
				"${BUILT_PRODUCTS_DIR}/ReachabilitySwift/Reachability.framework",
				"${BUILT_PRODUCTS_DIR}/SkeletonView/SkeletonView.framework",
			);
			name = "[CP] Embed Pods Frameworks";
			outputPaths = (
				"${TARGET_BUILD_DIR}/${FRAMEWORKS_FOLDER_PATH}/PromiseKit.framework",
				"${TARGET_BUILD_DIR}/${FRAMEWORKS_FOLDER_PATH}/Reachability.framework",
				"${TARGET_BUILD_DIR}/${FRAMEWORKS_FOLDER_PATH}/SkeletonView.framework",
			);
			runOnlyForDeploymentPostprocessing = 0;
			shellPath = /bin/sh;
			shellScript = "\"${SRCROOT}/Pods/Target Support Files/Pods-BookShelf/Pods-BookShelf-frameworks.sh\"\n";
			showEnvVarsInLog = 0;
		};
/* End PBXShellScriptBuildPhase section */

/* Begin PBXSourcesBuildPhase section */
		23E157F12177DADE0090AD0C /* Sources */ = {
			isa = PBXSourcesBuildPhase;
			buildActionMask = 2147483647;
			files = (
				23F9D516217E190D0042B83D /* NetworkAvailable.swift in Sources */,
				239AC0E22179603200CBF340 /* BestSellerDVC.swift in Sources */,
				23B4BA63217A6C1000199F20 /* FavoriteVC.swift in Sources */,
				23E158162177DBDF0090AD0C /* APIKeys.swift in Sources */,
				239AC0E021792E5B00CBF340 /* BookCell.swift in Sources */,
				239AC0D021791EA700CBF340 /* UIColor+.swift in Sources */,
				239AC0CC2179182500CBF340 /* CategoryCell.swift in Sources */,
				239AC0D221791EEF00CBF340 /* UIImage+.swift in Sources */,
				23F9D50C217D57AF0042B83D /* FileManageService+Categories.swift in Sources */,
				239AC0E42179607000CBF340 /* BestSellerDetailView.swift in Sources */,
				23E157FB2177DADE0090AD0C /* CategoryVC.swift in Sources */,
				23B4BA66217A76A400199F20 /* FavoriteEmptyView.swift in Sources */,
				23E1581A2177DCC80090AD0C /* MasterBook.swift in Sources */,
				23E1580F2177DB360090AD0C /* NYTBestSellerBook.swift in Sources */,
				232BA3A821796F75009858D5 /* WebView.swift in Sources */,
				23E157F92177DADE0090AD0C /* AppDelegate.swift in Sources */,
				23DE35E4217A1C1300854AC5 /* SettingsVC.swift in Sources */,
				23E158112177DB6F0090AD0C /* GoogleBook.swift in Sources */,
				23E1581C2177DD920090AD0C /* UserDefaultsService.swift in Sources */,
				23F9D510217E11C90042B83D /* OfflineVC.swift in Sources */,
				23B4BA61217A6BBD00199F20 /* FavoriteView.swift in Sources */,
				239AC0DC21792D5800CBF340 /* BestSellerView.swift in Sources */,
				239AC0CE21791A0B00CBF340 /* CategoriesView.swift in Sources */,
				239AC0DE21792DDA00CBF340 /* BestSellerViewModel.swift in Sources */,
				23E158202177DE0D0090AD0C /* ImageService.swift in Sources */,
				239AC0CA2179173200CBF340 /* CategoriesViewModel.swift in Sources */,
				23DE35E8217A1F4E00854AC5 /* SettingsView.swift in Sources */,
				23E158182177DC490090AD0C /* NYTBookCategory.swift in Sources */,
				23F56BA1217FAE39003F2945 /* LoadingVC.swift in Sources */,
				239AC0DA21792D4C00CBF340 /* BestSellerVC.swift in Sources */,
				232BA3A621796DF1009858D5 /* WebVC.swift in Sources */,
				23E1581E2177DDFF0090AD0C /* BookDataService.swift in Sources */,
				23F9D512217E11FD0042B83D /* OfflineView.swift in Sources */,
				23E158222177E1940090AD0C /* FileManagerService.swift in Sources */,
			);
			runOnlyForDeploymentPostprocessing = 0;
		};
/* End PBXSourcesBuildPhase section */

/* Begin PBXVariantGroup section */
		23E158012177DADF0090AD0C /* LaunchScreen.storyboard */ = {
			isa = PBXVariantGroup;
			children = (
				23E158022177DADF0090AD0C /* Base */,
			);
			name = LaunchScreen.storyboard;
			sourceTree = "<group>";
		};
/* End PBXVariantGroup section */

/* Begin XCBuildConfiguration section */
		23E158052177DADF0090AD0C /* Debug */ = {
			isa = XCBuildConfiguration;
			buildSettings = {
				ALWAYS_SEARCH_USER_PATHS = NO;
				CLANG_ANALYZER_NONNULL = YES;
				CLANG_ANALYZER_NUMBER_OBJECT_CONVERSION = YES_AGGRESSIVE;
				CLANG_CXX_LANGUAGE_STANDARD = "gnu++14";
				CLANG_CXX_LIBRARY = "libc++";
				CLANG_ENABLE_MODULES = YES;
				CLANG_ENABLE_OBJC_ARC = YES;
				CLANG_ENABLE_OBJC_WEAK = YES;
				CLANG_WARN_BLOCK_CAPTURE_AUTORELEASING = YES;
				CLANG_WARN_BOOL_CONVERSION = YES;
				CLANG_WARN_COMMA = YES;
				CLANG_WARN_CONSTANT_CONVERSION = YES;
				CLANG_WARN_DEPRECATED_OBJC_IMPLEMENTATIONS = YES;
				CLANG_WARN_DIRECT_OBJC_ISA_USAGE = YES_ERROR;
				CLANG_WARN_DOCUMENTATION_COMMENTS = YES;
				CLANG_WARN_EMPTY_BODY = YES;
				CLANG_WARN_ENUM_CONVERSION = YES;
				CLANG_WARN_INFINITE_RECURSION = YES;
				CLANG_WARN_INT_CONVERSION = YES;
				CLANG_WARN_NON_LITERAL_NULL_CONVERSION = YES;
				CLANG_WARN_OBJC_IMPLICIT_RETAIN_SELF = YES;
				CLANG_WARN_OBJC_LITERAL_CONVERSION = YES;
				CLANG_WARN_OBJC_ROOT_CLASS = YES_ERROR;
				CLANG_WARN_RANGE_LOOP_ANALYSIS = YES;
				CLANG_WARN_STRICT_PROTOTYPES = YES;
				CLANG_WARN_SUSPICIOUS_MOVE = YES;
				CLANG_WARN_UNGUARDED_AVAILABILITY = YES_AGGRESSIVE;
				CLANG_WARN_UNREACHABLE_CODE = YES;
				CLANG_WARN__DUPLICATE_METHOD_MATCH = YES;
				CODE_SIGN_IDENTITY = "iPhone Developer";
				COPY_PHASE_STRIP = NO;
				DEBUG_INFORMATION_FORMAT = dwarf;
				ENABLE_STRICT_OBJC_MSGSEND = YES;
				ENABLE_TESTABILITY = YES;
				GCC_C_LANGUAGE_STANDARD = gnu11;
				GCC_DYNAMIC_NO_PIC = NO;
				GCC_NO_COMMON_BLOCKS = YES;
				GCC_OPTIMIZATION_LEVEL = 0;
				GCC_PREPROCESSOR_DEFINITIONS = (
					"DEBUG=1",
					"$(inherited)",
				);
				GCC_WARN_64_TO_32_BIT_CONVERSION = YES;
				GCC_WARN_ABOUT_RETURN_TYPE = YES_ERROR;
				GCC_WARN_UNDECLARED_SELECTOR = YES;
				GCC_WARN_UNINITIALIZED_AUTOS = YES_AGGRESSIVE;
				GCC_WARN_UNUSED_FUNCTION = YES;
				GCC_WARN_UNUSED_VARIABLE = YES;
				IPHONEOS_DEPLOYMENT_TARGET = 12.0;
				MTL_ENABLE_DEBUG_INFO = INCLUDE_SOURCE;
				MTL_FAST_MATH = YES;
				ONLY_ACTIVE_ARCH = YES;
				SDKROOT = iphoneos;
				SWIFT_ACTIVE_COMPILATION_CONDITIONS = DEBUG;
				SWIFT_OPTIMIZATION_LEVEL = "-Onone";
			};
			name = Debug;
		};
		23E158062177DADF0090AD0C /* Release */ = {
			isa = XCBuildConfiguration;
			buildSettings = {
				ALWAYS_SEARCH_USER_PATHS = NO;
				CLANG_ANALYZER_NONNULL = YES;
				CLANG_ANALYZER_NUMBER_OBJECT_CONVERSION = YES_AGGRESSIVE;
				CLANG_CXX_LANGUAGE_STANDARD = "gnu++14";
				CLANG_CXX_LIBRARY = "libc++";
				CLANG_ENABLE_MODULES = YES;
				CLANG_ENABLE_OBJC_ARC = YES;
				CLANG_ENABLE_OBJC_WEAK = YES;
				CLANG_WARN_BLOCK_CAPTURE_AUTORELEASING = YES;
				CLANG_WARN_BOOL_CONVERSION = YES;
				CLANG_WARN_COMMA = YES;
				CLANG_WARN_CONSTANT_CONVERSION = YES;
				CLANG_WARN_DEPRECATED_OBJC_IMPLEMENTATIONS = YES;
				CLANG_WARN_DIRECT_OBJC_ISA_USAGE = YES_ERROR;
				CLANG_WARN_DOCUMENTATION_COMMENTS = YES;
				CLANG_WARN_EMPTY_BODY = YES;
				CLANG_WARN_ENUM_CONVERSION = YES;
				CLANG_WARN_INFINITE_RECURSION = YES;
				CLANG_WARN_INT_CONVERSION = YES;
				CLANG_WARN_NON_LITERAL_NULL_CONVERSION = YES;
				CLANG_WARN_OBJC_IMPLICIT_RETAIN_SELF = YES;
				CLANG_WARN_OBJC_LITERAL_CONVERSION = YES;
				CLANG_WARN_OBJC_ROOT_CLASS = YES_ERROR;
				CLANG_WARN_RANGE_LOOP_ANALYSIS = YES;
				CLANG_WARN_STRICT_PROTOTYPES = YES;
				CLANG_WARN_SUSPICIOUS_MOVE = YES;
				CLANG_WARN_UNGUARDED_AVAILABILITY = YES_AGGRESSIVE;
				CLANG_WARN_UNREACHABLE_CODE = YES;
				CLANG_WARN__DUPLICATE_METHOD_MATCH = YES;
				CODE_SIGN_IDENTITY = "iPhone Developer";
				COPY_PHASE_STRIP = NO;
				DEBUG_INFORMATION_FORMAT = "dwarf-with-dsym";
				ENABLE_NS_ASSERTIONS = NO;
				ENABLE_STRICT_OBJC_MSGSEND = YES;
				GCC_C_LANGUAGE_STANDARD = gnu11;
				GCC_NO_COMMON_BLOCKS = YES;
				GCC_WARN_64_TO_32_BIT_CONVERSION = YES;
				GCC_WARN_ABOUT_RETURN_TYPE = YES_ERROR;
				GCC_WARN_UNDECLARED_SELECTOR = YES;
				GCC_WARN_UNINITIALIZED_AUTOS = YES_AGGRESSIVE;
				GCC_WARN_UNUSED_FUNCTION = YES;
				GCC_WARN_UNUSED_VARIABLE = YES;
				IPHONEOS_DEPLOYMENT_TARGET = 12.0;
				MTL_ENABLE_DEBUG_INFO = NO;
				MTL_FAST_MATH = YES;
				SDKROOT = iphoneos;
				SWIFT_COMPILATION_MODE = wholemodule;
				SWIFT_OPTIMIZATION_LEVEL = "-O";
				VALIDATE_PRODUCT = YES;
			};
			name = Release;
		};
		23E158082177DADF0090AD0C /* Debug */ = {
			isa = XCBuildConfiguration;
			baseConfigurationReference = ADD6026DD47B6E07FF10EE23 /* Pods-BookShelf.debug.xcconfig */;
			buildSettings = {
				ASSETCATALOG_COMPILER_APPICON_NAME = AppIcon;
				CODE_SIGN_STYLE = Automatic;
				DEVELOPMENT_TEAM = DRF3BB53BA;
				INFOPLIST_FILE = "$(SRCROOT)/BookShelf/Supporting/Info.plist";
				LD_RUNPATH_SEARCH_PATHS = (
					"$(inherited)",
					"@executable_path/Frameworks",
				);
				PRODUCT_BUNDLE_IDENTIFIER = com.winstonmaragh.BookShelf;
				PRODUCT_NAME = "$(TARGET_NAME)";
				SWIFT_VERSION = 4.2;
				TARGETED_DEVICE_FAMILY = "1,2";
			};
			name = Debug;
		};
		23E158092177DADF0090AD0C /* Release */ = {
			isa = XCBuildConfiguration;
			baseConfigurationReference = CC5A6B8D2E231DE81DB52DDE /* Pods-BookShelf.release.xcconfig */;
			buildSettings = {
				ASSETCATALOG_COMPILER_APPICON_NAME = AppIcon;
				CODE_SIGN_STYLE = Automatic;
				DEVELOPMENT_TEAM = DRF3BB53BA;
				INFOPLIST_FILE = "$(SRCROOT)/BookShelf/Supporting/Info.plist";
				LD_RUNPATH_SEARCH_PATHS = (
					"$(inherited)",
					"@executable_path/Frameworks",
				);
				PRODUCT_BUNDLE_IDENTIFIER = com.winstonmaragh.BookShelf;
				PRODUCT_NAME = "$(TARGET_NAME)";
				SWIFT_VERSION = 4.2;
				TARGETED_DEVICE_FAMILY = "1,2";
			};
			name = Release;
		};
/* End XCBuildConfiguration section */

/* Begin XCConfigurationList section */
		23E157F02177DADE0090AD0C /* Build configuration list for PBXProject "BookShelf" */ = {
			isa = XCConfigurationList;
			buildConfigurations = (
				23E158052177DADF0090AD0C /* Debug */,
				23E158062177DADF0090AD0C /* Release */,
			);
			defaultConfigurationIsVisible = 0;
			defaultConfigurationName = Release;
		};
		23E158072177DADF0090AD0C /* Build configuration list for PBXNativeTarget "BookShelf" */ = {
			isa = XCConfigurationList;
			buildConfigurations = (
				23E158082177DADF0090AD0C /* Debug */,
				23E158092177DADF0090AD0C /* Release */,
			);
			defaultConfigurationIsVisible = 0;
			defaultConfigurationName = Release;
		};
/* End XCConfigurationList section */
	};
	rootObject = 23E157ED2177DADE0090AD0C /* Project object */;
}
